
Microsoft Visual Studio Solution File, Format Version 12.00
# Visual Studio Version 16
VisualStudioVersion = 16.0.31829.152
MinimumVisualStudioVersion = 10.0.40219.1
Project("{8BC9CEB8-8B4A-11D0-8D11-00A0C91BC942}") = "score", "score\score.vcxproj", "{AB7DB0E2-6A95-4F77-A5CF-E5753A86B2A7}"
EndProject
Global
	GlobalSection(SolutionConfigurationPlatforms) = preSolution
		Debug|x64 = Debug|x64
		Debug|x86 = Debug|x86
		Release|x64 = Release|x64
		Release|x86 = Release|x86
	EndGlobalSection
	GlobalSection(ProjectConfigurationPlatforms) = postSolution
		{AB7DB0E2-6A95-4F77-A5CF-E5753A86B2A7}.Debug|x64.ActiveCfg = Debug|x64
		{AB7DB0E2-6A95-4F77-A5CF-E5753A86B2A7}.Debug|x64.Build.0 = Debug|x64
		{AB7DB0E2-6A95-4F77-A5CF-E5753A86B2A7}.Debug|x86.ActiveCfg = Debug|Win32
		{AB7DB0E2-6A95-4F77-A5CF-E5753A86B2A7}.Debug|x86.Build.0 = Debug|Win32
		{AB7DB0E2-6A95-4F77-A5CF-E5753A86B2A7}.Release|x64.ActiveCfg = Release|x64
		{AB7DB0E2-6A95-4F77-A5CF-E5753A86B2A7}.Release|x64.Build.0 = Release|x64
		{AB7DB0E2-6A95-4F77-A5CF-E5753A86B2A7}.Release|x86.ActiveCfg = Release|Win32
		{AB7DB0E2-6A95-4F77-A5CF-E5753A86B2A7}.Release|x86.Build.0 = Release|Win32
	EndGlobalSection
	GlobalSection(SolutionProperties) = preSolution
		HideSolutionNode = FALSE
	EndGlobalSection
	GlobalSection(ExtensibilityGlobals) = postSolution
		SolutionGuid = {DD2BC20F-6081-4BB5-8360-896E50E97413}
	EndGlobalSection
EndGlobal
